
Microsoft Visual Studio Solution File, Format Version 12.00
# Visual Studio Version 16
VisualStudioVersion = 16.0.29503.13
MinimumVisualStudioVersion = 10.0.40219.1
Project("{FAE04EC0-301F-11D3-BF4B-00C04F79EFBC}") = "EnhancedEVA", "EnhancedEVA.csproj", "{35170AB4-1BC0-4493-AF35-F4609B9CF95A}"
EndProject
Global
	GlobalSection(SolutionConfigurationPlatforms) = preSolution
		Debug|Any CPU = Debug|Any CPU
		Release|Any CPU = Release|Any CPU
	EndGlobalSection
	GlobalSection(ProjectConfigurationPlatforms) = postSolution
		{35170AB4-1BC0-4493-AF35-F4609B9CF95A}.Debug|Any CPU.ActiveCfg = Debug|Any CPU
		{35170AB4-1BC0-4493-AF35-F4609B9CF95A}.Debug|Any CPU.Build.0 = Debug|Any CPU
		{35170AB4-1BC0-4493-AF35-F4609B9CF95A}.Release|Any CPU.ActiveCfg = Release|Any CPU
		{35170AB4-1BC0-4493-AF35-F4609B9CF95A}.Release|Any CPU.Build.0 = Release|Any CPU
	EndGlobalSection
	GlobalSection(SolutionProperties) = preSolution
		HideSolutionNode = FALSE
	EndGlobalSection
	GlobalSection(ExtensibilityGlobals) = postSolution
		SolutionGuid = {6702F3E9-BEED-4EBA-B10D-360350DD9CE3}
	EndGlobalSection
EndGlobal
